
Microsoft Visual Studio Solution File, Format Version 12.00
# Visual Studio Version 17
VisualStudioVersion = 17.8.34601.278
MinimumVisualStudioVersion = 10.0.40219.1
Project("{9A19103F-16F7-4668-BE54-9A1E7A4F7556}") = "Training.FirstApp", "Training.FirstApp\Training.FirstApp.csproj", "{7E3AB9F0-764B-4C2E-8AAB-CB014848E67C}"
EndProject
Project("{9A19103F-16F7-4668-BE54-9A1E7A4F7556}") = "Training.Models", "Training.Models\Training.Models.csproj", "{B67520A8-D6AD-4E61-93F0-A29EB594556F}"
EndProject
Project("{9A19103F-16F7-4668-BE54-9A1E7A4F7556}") = "Training.Repositories", "Training.Repositories\Training.Repositories.csproj", "{24EBD747-1720-4FDC-B5B3-BBF27059C222}"
EndProject
Project("{9A19103F-16F7-4668-BE54-9A1E7A4F7556}") = "Training.UI", "Training.UI\Training.UI.csproj", "{79859D64-8DFA-47BD-AD9D-91935DEB15CE}"
EndProject
Project("{9A19103F-16F7-4668-BE54-9A1E7A4F7556}") = "EMS.Models", "EMS.Models\EMS.Models.csproj", "{08E16EA6-5FF7-4EC8-B630-54E51345F27D}"
EndProject
Project("{9A19103F-16F7-4668-BE54-9A1E7A4F7556}") = "EMS.Repository", "EMS.Repository\EMS.Repository.csproj", "{C5767BFF-D019-47E9-877B-CDC550B03E51}"
EndProject
Project("{9A19103F-16F7-4668-BE54-9A1E7A4F7556}") = "EMS.UI", "EMS.UI\EMS.UI.csproj", "{B88970B4-37D2-4A26-ABF0-5D3A47F7EC54}"
EndProject
Project("{FAE04EC0-301F-11D3-BF4B-00C04F79EFBC}") = "EBS.Entities", "EBS.Entities\EBS.Entities.csproj", "{04F0C560-8B04-42DF-A0AD-516BDEE11E2D}"
EndProject
Project("{FAE04EC0-301F-11D3-BF4B-00C04F79EFBC}") = "EBS.Repository", "EBS.Repository\EBS.Repository.csproj", "{D7C043FF-C39E-4695-A63D-8D880D2B36D7}"
EndProject
Project("{FAE04EC0-301F-11D3-BF4B-00C04F79EFBC}") = "EBS.UI", "EBS.UI\EBS.UI.csproj", "{125C4E93-D2D7-4934-97D0-FAF64A590125}"
EndProject
Global
	GlobalSection(SolutionConfigurationPlatforms) = preSolution
		Debug|Any CPU = Debug|Any CPU
		Release|Any CPU = Release|Any CPU
	EndGlobalSection
	GlobalSection(ProjectConfigurationPlatforms) = postSolution
		{7E3AB9F0-764B-4C2E-8AAB-CB014848E67C}.Debug|Any CPU.ActiveCfg = Debug|Any CPU
		{7E3AB9F0-764B-4C2E-8AAB-CB014848E67C}.Debug|Any CPU.Build.0 = Debug|Any CPU
		{7E3AB9F0-764B-4C2E-8AAB-CB014848E67C}.Release|Any CPU.ActiveCfg = Release|Any CPU
		{7E3AB9F0-764B-4C2E-8AAB-CB014848E67C}.Release|Any CPU.Build.0 = Release|Any CPU
		{B67520A8-D6AD-4E61-93F0-A29EB594556F}.Debug|Any CPU.ActiveCfg = Debug|Any CPU
		{B67520A8-D6AD-4E61-93F0-A29EB594556F}.Debug|Any CPU.Build.0 = Debug|Any CPU
		{B67520A8-D6AD-4E61-93F0-A29EB594556F}.Release|Any CPU.ActiveCfg = Release|Any CPU
		{B67520A8-D6AD-4E61-93F0-A29EB594556F}.Release|Any CPU.Build.0 = Release|Any CPU
		{24EBD747-1720-4FDC-B5B3-BBF27059C222}.Debug|Any CPU.ActiveCfg = Debug|Any CPU
		{24EBD747-1720-4FDC-B5B3-BBF27059C222}.Debug|Any CPU.Build.0 = Debug|Any CPU
		{24EBD747-1720-4FDC-B5B3-BBF27059C222}.Release|Any CPU.ActiveCfg = Release|Any CPU
		{24EBD747-1720-4FDC-B5B3-BBF27059C222}.Release|Any CPU.Build.0 = Release|Any CPU
		{79859D64-8DFA-47BD-AD9D-91935DEB15CE}.Debug|Any CPU.ActiveCfg = Debug|Any CPU
		{79859D64-8DFA-47BD-AD9D-91935DEB15CE}.Debug|Any CPU.Build.0 = Debug|Any CPU
		{79859D64-8DFA-47BD-AD9D-91935DEB15CE}.Release|Any CPU.ActiveCfg = Release|Any CPU
		{79859D64-8DFA-47BD-AD9D-91935DEB15CE}.Release|Any CPU.Build.0 = Release|Any CPU
		{08E16EA6-5FF7-4EC8-B630-54E51345F27D}.Debug|Any CPU.ActiveCfg = Debug|Any CPU
		{08E16EA6-5FF7-4EC8-B630-54E51345F27D}.Debug|Any CPU.Build.0 = Debug|Any CPU
		{08E16EA6-5FF7-4EC8-B630-54E51345F27D}.Release|Any CPU.ActiveCfg = Release|Any CPU
		{08E16EA6-5FF7-4EC8-B630-54E51345F27D}.Release|Any CPU.Build.0 = Release|Any CPU
		{C5767BFF-D019-47E9-877B-CDC550B03E51}.Debug|Any CPU.ActiveCfg = Debug|Any CPU
		{C5767BFF-D019-47E9-877B-CDC550B03E51}.Debug|Any CPU.Build.0 = Debug|Any CPU
		{C5767BFF-D019-47E9-877B-CDC550B03E51}.Release|Any CPU.ActiveCfg = Release|Any CPU
		{C5767BFF-D019-47E9-877B-CDC550B03E51}.Release|Any CPU.Build.0 = Release|Any CPU
		{B88970B4-37D2-4A26-ABF0-5D3A47F7EC54}.Debug|Any CPU.ActiveCfg = Debug|Any CPU
		{B88970B4-37D2-4A26-ABF0-5D3A47F7EC54}.Debug|Any CPU.Build.0 = Debug|Any CPU
		{B88970B4-37D2-4A26-ABF0-5D3A47F7EC54}.Release|Any CPU.ActiveCfg = Release|Any CPU
		{B88970B4-37D2-4A26-ABF0-5D3A47F7EC54}.Release|Any CPU.Build.0 = Release|Any CPU
		{04F0C560-8B04-42DF-A0AD-516BDEE11E2D}.Debug|Any CPU.ActiveCfg = Debug|Any CPU
		{04F0C560-8B04-42DF-A0AD-516BDEE11E2D}.Debug|Any CPU.Build.0 = Debug|Any CPU
		{04F0C560-8B04-42DF-A0AD-516BDEE11E2D}.Release|Any CPU.ActiveCfg = Release|Any CPU
		{04F0C560-8B04-42DF-A0AD-516BDEE11E2D}.Release|Any CPU.Build.0 = Release|Any CPU
		{D7C043FF-C39E-4695-A63D-8D880D2B36D7}.Debug|Any CPU.ActiveCfg = Debug|Any CPU
		{D7C043FF-C39E-4695-A63D-8D880D2B36D7}.Debug|Any CPU.Build.0 = Debug|Any CPU
		{D7C043FF-C39E-4695-A63D-8D880D2B36D7}.Release|Any CPU.ActiveCfg = Release|Any CPU
		{D7C043FF-C39E-4695-A63D-8D880D2B36D7}.Release|Any CPU.Build.0 = Release|Any CPU
		{125C4E93-D2D7-4934-97D0-FAF64A590125}.Debug|Any CPU.ActiveCfg = Debug|Any CPU
		{125C4E93-D2D7-4934-97D0-FAF64A590125}.Debug|Any CPU.Build.0 = Debug|Any CPU
		{125C4E93-D2D7-4934-97D0-FAF64A590125}.Release|Any CPU.ActiveCfg = Release|Any CPU
		{125C4E93-D2D7-4934-97D0-FAF64A590125}.Release|Any CPU.Build.0 = Release|Any CPU
	EndGlobalSection
	GlobalSection(SolutionProperties) = preSolution
		HideSolutionNode = FALSE
	EndGlobalSection
	GlobalSection(ExtensibilityGlobals) = postSolution
		SolutionGuid = {A3259AFF-3BEB-420A-A272-AA35F80D7A01}
	EndGlobalSection
EndGlobal
